
Microsoft Visual Studio Solution File, Format Version 12.00
# Visual Studio 15
VisualStudioVersion = 15.0.26730.16
MinimumVisualStudioVersion = 10.0.40219.1
Project("{8BC9CEB8-8B4A-11D0-8D11-00A0C91BC942}") = "Project3_335_alg", "Project3_335_alg\Project3_335_alg.vcxproj", "{453DDDEB-36F5-4AC4-8B21-EEEB54F48DDE}"
EndProject
Global
	GlobalSection(SolutionConfigurationPlatforms) = preSolution
		Debug|x64 = Debug|x64
		Debug|x86 = Debug|x86
		Release|x64 = Release|x64
		Release|x86 = Release|x86
	EndGlobalSection
	GlobalSection(ProjectConfigurationPlatforms) = postSolution
		{453DDDEB-36F5-4AC4-8B21-EEEB54F48DDE}.Debug|x64.ActiveCfg = Debug|x64
		{453DDDEB-36F5-4AC4-8B21-EEEB54F48DDE}.Debug|x64.Build.0 = Debug|x64
		{453DDDEB-36F5-4AC4-8B21-EEEB54F48DDE}.Debug|x86.ActiveCfg = Debug|Win32
		{453DDDEB-36F5-4AC4-8B21-EEEB54F48DDE}.Debug|x86.Build.0 = Debug|Win32
		{453DDDEB-36F5-4AC4-8B21-EEEB54F48DDE}.Release|x64.ActiveCfg = Release|x64
		{453DDDEB-36F5-4AC4-8B21-EEEB54F48DDE}.Release|x64.Build.0 = Release|x64
		{453DDDEB-36F5-4AC4-8B21-EEEB54F48DDE}.Release|x86.ActiveCfg = Release|Win32
		{453DDDEB-36F5-4AC4-8B21-EEEB54F48DDE}.Release|x86.Build.0 = Release|Win32
	EndGlobalSection
	GlobalSection(SolutionProperties) = preSolution
		HideSolutionNode = FALSE
	EndGlobalSection
	GlobalSection(ExtensibilityGlobals) = postSolution
		SolutionGuid = {D13683F5-084A-4471-9B38-B158AE9BA7C8}
	EndGlobalSection
EndGlobal
